
Microsoft Visual Studio Solution File, Format Version 12.00
# Visual Studio Version 17
VisualStudioVersion = 17.0.31903.59
MinimumVisualStudioVersion = 10.0.40219.1
Project("{FAE04EC0-301F-11D3-BF4B-00C04F79EFBC}") = "TaxiService", "TaxiService\TaxiService.csproj", "{4A5B6422-38DC-4B5A-8493-E6AE49DD07C1}"
EndProject
Project("{FAE04EC0-301F-11D3-BF4B-00C04F79EFBC}") = "AuthService", "AuthService\AuthService.csproj", "{7CA818AF-2D0A-4EEA-9854-6007E41ACD06}"
EndProject
Project("{FAE04EC0-301F-11D3-BF4B-00C04F79EFBC}") = "DataLib", "DataLib\DataLib.csproj", "{BED00509-9864-449F-8651-BD7CA11640CF}"
EndProject
Global
	GlobalSection(SolutionConfigurationPlatforms) = preSolution
		Debug|Any CPU = Debug|Any CPU
		Release|Any CPU = Release|Any CPU
	EndGlobalSection
	GlobalSection(SolutionProperties) = preSolution
		HideSolutionNode = FALSE
	EndGlobalSection
	GlobalSection(ProjectConfigurationPlatforms) = postSolution
		{4A5B6422-38DC-4B5A-8493-E6AE49DD07C1}.Debug|Any CPU.ActiveCfg = Debug|Any CPU
		{4A5B6422-38DC-4B5A-8493-E6AE49DD07C1}.Debug|Any CPU.Build.0 = Debug|Any CPU
		{4A5B6422-38DC-4B5A-8493-E6AE49DD07C1}.Release|Any CPU.ActiveCfg = Release|Any CPU
		{4A5B6422-38DC-4B5A-8493-E6AE49DD07C1}.Release|Any CPU.Build.0 = Release|Any CPU
		{7CA818AF-2D0A-4EEA-9854-6007E41ACD06}.Debug|Any CPU.ActiveCfg = Debug|Any CPU
		{7CA818AF-2D0A-4EEA-9854-6007E41ACD06}.Debug|Any CPU.Build.0 = Debug|Any CPU
		{7CA818AF-2D0A-4EEA-9854-6007E41ACD06}.Release|Any CPU.ActiveCfg = Release|Any CPU
		{7CA818AF-2D0A-4EEA-9854-6007E41ACD06}.Release|Any CPU.Build.0 = Release|Any CPU
		{BED00509-9864-449F-8651-BD7CA11640CF}.Debug|Any CPU.ActiveCfg = Debug|Any CPU
		{BED00509-9864-449F-8651-BD7CA11640CF}.Debug|Any CPU.Build.0 = Debug|Any CPU
		{BED00509-9864-449F-8651-BD7CA11640CF}.Release|Any CPU.ActiveCfg = Release|Any CPU
		{BED00509-9864-449F-8651-BD7CA11640CF}.Release|Any CPU.Build.0 = Release|Any CPU
	EndGlobalSection
EndGlobal
